
Microsoft Visual Studio Solution File, Format Version 12.00
# Visual Studio Version 16
VisualStudioVersion = 16.0.29905.134
MinimumVisualStudioVersion = 10.0.40219.1
Project("{FAE04EC0-301F-11D3-BF4B-00C04F79EFBC}") = "TextConverter", "TextConverter\TextConverter.csproj", "{98B1E0A7-8388-4221-8AA3-5843B1F65A3D}"
EndProject
Global
	GlobalSection(SolutionConfigurationPlatforms) = preSolution
		Debug|Any CPU = Debug|Any CPU
		Release|Any CPU = Release|Any CPU
	EndGlobalSection
	GlobalSection(ProjectConfigurationPlatforms) = postSolution
		{98B1E0A7-8388-4221-8AA3-5843B1F65A3D}.Debug|Any CPU.ActiveCfg = Debug|Any CPU
		{98B1E0A7-8388-4221-8AA3-5843B1F65A3D}.Debug|Any CPU.Build.0 = Debug|Any CPU
		{98B1E0A7-8388-4221-8AA3-5843B1F65A3D}.Release|Any CPU.ActiveCfg = Release|Any CPU
		{98B1E0A7-8388-4221-8AA3-5843B1F65A3D}.Release|Any CPU.Build.0 = Release|Any CPU
	EndGlobalSection
	GlobalSection(SolutionProperties) = preSolution
		HideSolutionNode = FALSE
	EndGlobalSection
	GlobalSection(ExtensibilityGlobals) = postSolution
		SolutionGuid = {AC69DD0A-6CBD-41C7-9BB1-A298921AA5C2}
	EndGlobalSection
EndGlobal
